// !$*UTF8*$!
{
	archiveVersion = 1;
	classes = {
	};
	objectVersion = 50;
	objects = {

/* Begin PBXBuildFile section */
		664DECD2225916E1008D7EBC /* SubtractionCommand.swift in Sources */ = {isa = PBXBuildFile; fileRef = 664DECD1225916E1008D7EBC /* SubtractionCommand.swift */; };
		664DECD42259170F008D7EBC /* DivisionCommand.swift in Sources */ = {isa = PBXBuildFile; fileRef = 664DECD32259170F008D7EBC /* DivisionCommand.swift */; };
		664DECD62259173B008D7EBC /* MultiplicationCommand.swift in Sources */ = {isa = PBXBuildFile; fileRef = 664DECD52259173B008D7EBC /* MultiplicationCommand.swift */; };
		664DECD822591CC8008D7EBC /* ParenthesisSymbol.swift in Sources */ = {isa = PBXBuildFile; fileRef = 664DECD722591CC8008D7EBC /* ParenthesisSymbol.swift */; };
		664DECDA22591D9A008D7EBC /* OperatorSymbol.swift in Sources */ = {isa = PBXBuildFile; fileRef = 664DECD922591D9A008D7EBC /* OperatorSymbol.swift */; };
		664DECDC225923B8008D7EBC /* NumberSymbol.swift in Sources */ = {isa = PBXBuildFile; fileRef = 664DECDB225923B8008D7EBC /* NumberSymbol.swift */; };
		66DDC01B22590C0900BDC7B6 /* ASCalculatorTests.swift in Sources */ = {isa = PBXBuildFile; fileRef = 66DDC01A22590C0900BDC7B6 /* ASCalculatorTests.swift */; };
		66DDC02622590C0900BDC7B6 /* ASCalculatorUITests.swift in Sources */ = {isa = PBXBuildFile; fileRef = 66DDC02522590C0900BDC7B6 /* ASCalculatorUITests.swift */; };
		66DDC08022590C6D00BDC7B6 /* Assets.xcassets in Resources */ = {isa = PBXBuildFile; fileRef = 66DDC03422590C6D00BDC7B6 /* Assets.xcassets */; };
		66DDC08122590C6D00BDC7B6 /* LaunchScreen.storyboard in Resources */ = {isa = PBXBuildFile; fileRef = 66DDC03522590C6D00BDC7B6 /* LaunchScreen.storyboard */; };
		66DDC08222590C6D00BDC7B6 /* Main.storyboard in Resources */ = {isa = PBXBuildFile; fileRef = 66DDC03722590C6D00BDC7B6 /* Main.storyboard */; };
		66DDC08322590C6D00BDC7B6 /* Colors.xcassets in Resources */ = {isa = PBXBuildFile; fileRef = 66DDC03922590C6D00BDC7B6 /* Colors.xcassets */; };
		66DDC08422590C6D00BDC7B6 /* Localizable.strings in Resources */ = {isa = PBXBuildFile; fileRef = 66DDC03A22590C6D00BDC7B6 /* Localizable.strings */; };
		66DDC08522590C6D00BDC7B6 /* AppDelegate.swift in Sources */ = {isa = PBXBuildFile; fileRef = 66DDC03C22590C6D00BDC7B6 /* AppDelegate.swift */; };
		66DDC08622590C6D00BDC7B6 /* AdditionCommand.swift in Sources */ = {isa = PBXBuildFile; fileRef = 66DDC03F22590C6D00BDC7B6 /* AdditionCommand.swift */; };
		66DDC08722590C6D00BDC7B6 /* AppendCommand.swift in Sources */ = {isa = PBXBuildFile; fileRef = 66DDC04122590C6D00BDC7B6 /* AppendCommand.swift */; };
		66DDC08822590C6D00BDC7B6 /* CalculateCommand.swift in Sources */ = {isa = PBXBuildFile; fileRef = 66DDC04222590C6D00BDC7B6 /* CalculateCommand.swift */; };
		66DDC08922590C6D00BDC7B6 /* TruncateCommand.swift in Sources */ = {isa = PBXBuildFile; fileRef = 66DDC04322590C6D00BDC7B6 /* TruncateCommand.swift */; };
		66DDC08A22590C6D00BDC7B6 /* Argument.swift in Sources */ = {isa = PBXBuildFile; fileRef = 66DDC04522590C6D00BDC7B6 /* Argument.swift */; };
		66DDC08B22590C6D00BDC7B6 /* Expression.swift in Sources */ = {isa = PBXBuildFile; fileRef = 66DDC04622590C6D00BDC7B6 /* Expression.swift */; };
		66DDC08C22590C6D00BDC7B6 /* KeyboardItem.swift in Sources */ = {isa = PBXBuildFile; fileRef = 66DDC04722590C6D00BDC7B6 /* KeyboardItem.swift */; };
		66DDC08D22590C6D00BDC7B6 /* Operator.swift in Sources */ = {isa = PBXBuildFile; fileRef = 66DDC04822590C6D00BDC7B6 /* Operator.swift */; };
		66DDC08E22590C6D00BDC7B6 /* Parenthesis.swift in Sources */ = {isa = PBXBuildFile; fileRef = 66DDC04922590C6D00BDC7B6 /* Parenthesis.swift */; };
		66DDC08F22590C6D00BDC7B6 /* ValidationResult.swift in Sources */ = {isa = PBXBuildFile; fileRef = 66DDC04A22590C6D00BDC7B6 /* ValidationResult.swift */; };
		66DDC09022590C6D00BDC7B6 /* String+Extensions.swift in Sources */ = {isa = PBXBuildFile; fileRef = 66DDC04C22590C6D00BDC7B6 /* String+Extensions.swift */; };
		66DDC09122590C6D00BDC7B6 /* UINavigationController+Extensions.swift in Sources */ = {isa = PBXBuildFile; fileRef = 66DDC04D22590C6D00BDC7B6 /* UINavigationController+Extensions.swift */; };
		66DDC09222590C6D00BDC7B6 /* UIStoryboard+Extensions.swift in Sources */ = {isa = PBXBuildFile; fileRef = 66DDC04E22590C6D00BDC7B6 /* UIStoryboard+Extensions.swift */; };
		66DDC09322590C6D00BDC7B6 /* UIViewController+Extensions.swift in Sources */ = {isa = PBXBuildFile; fileRef = 66DDC04F22590C6D00BDC7B6 /* UIViewController+Extensions.swift */; };
		66DDC09422590C6D00BDC7B6 /* KeyboardItemFactory.swift in Sources */ = {isa = PBXBuildFile; fileRef = 66DDC05122590C6D00BDC7B6 /* KeyboardItemFactory.swift */; };
		66DDC09522590C6D00BDC7B6 /* KeyboardItemStyleFactory.swift in Sources */ = {isa = PBXBuildFile; fileRef = 66DDC05222590C6D00BDC7B6 /* KeyboardItemStyleFactory.swift */; };
		66DDC09622590C6D00BDC7B6 /* InteractorInterface.swift in Sources */ = {isa = PBXBuildFile; fileRef = 66DDC05522590C6D00BDC7B6 /* InteractorInterface.swift */; };
		66DDC09722590C6D00BDC7B6 /* PresenterInterface.swift in Sources */ = {isa = PBXBuildFile; fileRef = 66DDC05622590C6D00BDC7B6 /* PresenterInterface.swift */; };
		66DDC09822590C6D00BDC7B6 /* ViewInterface.swift in Sources */ = {isa = PBXBuildFile; fileRef = 66DDC05722590C6D00BDC7B6 /* ViewInterface.swift */; };
		66DDC09922590C6D00BDC7B6 /* WireframeInterface.swift in Sources */ = {isa = PBXBuildFile; fileRef = 66DDC05822590C6D00BDC7B6 /* WireframeInterface.swift */; };
		66DDC09A22590C6D00BDC7B6 /* ArithmeticCommandInterface.swift in Sources */ = {isa = PBXBuildFile; fileRef = 66DDC05A22590C6D00BDC7B6 /* ArithmeticCommandInterface.swift */; };
		66DDC09B22590C6D00BDC7B6 /* TransformationCommandInterface.swift in Sources */ = {isa = PBXBuildFile; fileRef = 66DDC05B22590C6D00BDC7B6 /* TransformationCommandInterface.swift */; };
		66DDC09C22590C6D00BDC7B6 /* DisplayAttributedStringFactory.swift in Sources */ = {isa = PBXBuildFile; fileRef = 66DDC05D22590C6D00BDC7B6 /* DisplayAttributedStringFactory.swift */; };
		66DDC09D22590C6D00BDC7B6 /* KeyboardItemFactoryInterface.swift in Sources */ = {isa = PBXBuildFile; fileRef = 66DDC05E22590C6D00BDC7B6 /* KeyboardItemFactoryInterface.swift */; };
		66DDC09E22590C6D00BDC7B6 /* KeyboardItemStyleFactoryInterface.swift in Sources */ = {isa = PBXBuildFile; fileRef = 66DDC05F22590C6D00BDC7B6 /* KeyboardItemStyleFactoryInterface.swift */; };
		66DDC09F22590C6D00BDC7B6 /* CalculateServiceInterface.swift in Sources */ = {isa = PBXBuildFile; fileRef = 66DDC06122590C6D00BDC7B6 /* CalculateServiceInterface.swift */; };
		66DDC0A022590C6D00BDC7B6 /* ValidableInterface.swift in Sources */ = {isa = PBXBuildFile; fileRef = 66DDC06322590C6D00BDC7B6 /* ValidableInterface.swift */; };
		66DDC0A122590C6D00BDC7B6 /* ValidatorInterface.swift in Sources */ = {isa = PBXBuildFile; fileRef = 66DDC06422590C6D00BDC7B6 /* ValidatorInterface.swift */; };
		66DDC0A222590C6D00BDC7B6 /* ErrorDialogInterface.swift in Sources */ = {isa = PBXBuildFile; fileRef = 66DDC06622590C6D00BDC7B6 /* ErrorDialogInterface.swift */; };
		66DDC0A322590C6D00BDC7B6 /* CalculatorInteractor.swift in Sources */ = {isa = PBXBuildFile; fileRef = 66DDC06922590C6D00BDC7B6 /* CalculatorInteractor.swift */; };
		66DDC0A422590C6D00BDC7B6 /* CalculatorInteractorInterface.swift in Sources */ = {isa = PBXBuildFile; fileRef = 66DDC06A22590C6D00BDC7B6 /* CalculatorInteractorInterface.swift */; };
		66DDC0A522590C6D00BDC7B6 /* CalculatorPresenter.swift in Sources */ = {isa = PBXBuildFile; fileRef = 66DDC06C22590C6D00BDC7B6 /* CalculatorPresenter.swift */; };
		66DDC0A622590C6D00BDC7B6 /* CalculatorPresenterInterface.swift in Sources */ = {isa = PBXBuildFile; fileRef = 66DDC06D22590C6D00BDC7B6 /* CalculatorPresenterInterface.swift */; };
		66DDC0A722590C6D00BDC7B6 /* Calculator.storyboard in Resources */ = {isa = PBXBuildFile; fileRef = 66DDC06F22590C6D00BDC7B6 /* Calculator.storyboard */; };
		66DDC0A822590C6D00BDC7B6 /* CalculatorViewController.swift in Sources */ = {isa = PBXBuildFile; fileRef = 66DDC07022590C6D00BDC7B6 /* CalculatorViewController.swift */; };
		66DDC0A922590C6D00BDC7B6 /* CalculatorViewInterface.swift in Sources */ = {isa = PBXBuildFile; fileRef = 66DDC07122590C6D00BDC7B6 /* CalculatorViewInterface.swift */; };
		66DDC0AA22590C6D00BDC7B6 /* DisplayHeaderView.swift in Sources */ = {isa = PBXBuildFile; fileRef = 66DDC07222590C6D00BDC7B6 /* DisplayHeaderView.swift */; };
		66DDC0AB22590C6D00BDC7B6 /* DisplayHeaderView.xib in Resources */ = {isa = PBXBuildFile; fileRef = 66DDC07322590C6D00BDC7B6 /* DisplayHeaderView.xib */; };
		66DDC0AC22590C6D00BDC7B6 /* KeyboardViewCell.swift in Sources */ = {isa = PBXBuildFile; fileRef = 66DDC07422590C6D00BDC7B6 /* KeyboardViewCell.swift */; };
		66DDC0AD22590C6D00BDC7B6 /* KeyboardViewCell.xib in Resources */ = {isa = PBXBuildFile; fileRef = 66DDC07522590C6D00BDC7B6 /* KeyboardViewCell.xib */; };
		66DDC0AE22590C6D00BDC7B6 /* CalculatorWireframe.swift in Sources */ = {isa = PBXBuildFile; fileRef = 66DDC07722590C6D00BDC7B6 /* CalculatorWireframe.swift */; };
		66DDC0AF22590C6D00BDC7B6 /* CalculatorWireframeInterface.swift in Sources */ = {isa = PBXBuildFile; fileRef = 66DDC07822590C6D00BDC7B6 /* CalculatorWireframeInterface.swift */; };
		66DDC0B022590C6D00BDC7B6 /* CalculateService.swift in Sources */ = {isa = PBXBuildFile; fileRef = 66DDC07A22590C6D00BDC7B6 /* CalculateService.swift */; };
		66DDC0B122590C6D00BDC7B6 /* NumberConverter.swift in Sources */ = {isa = PBXBuildFile; fileRef = 66DDC07B22590C6D00BDC7B6 /* NumberConverter.swift */; };
		66DDC0B222590C6D00BDC7B6 /* PostfixConverter.swift in Sources */ = {isa = PBXBuildFile; fileRef = 66DDC07C22590C6D00BDC7B6 /* PostfixConverter.swift */; };
/* End PBXBuildFile section */

/* Begin PBXContainerItemProxy section */
		66DDC01722590C0900BDC7B6 /* PBXContainerItemProxy */ = {
			isa = PBXContainerItemProxy;
			containerPortal = 66DDBFFA22590C0800BDC7B6 /* Project object */;
			proxyType = 1;
			remoteGlobalIDString = 66DDC00122590C0800BDC7B6;
			remoteInfo = ASCalculator;
		};
		66DDC02222590C0900BDC7B6 /* PBXContainerItemProxy */ = {
			isa = PBXContainerItemProxy;
			containerPortal = 66DDBFFA22590C0800BDC7B6 /* Project object */;
			proxyType = 1;
			remoteGlobalIDString = 66DDC00122590C0800BDC7B6;
			remoteInfo = ASCalculator;
		};
/* End PBXContainerItemProxy section */

/* Begin PBXFileReference section */
		664DECD1225916E1008D7EBC /* SubtractionCommand.swift */ = {isa = PBXFileReference; lastKnownFileType = sourcecode.swift; path = SubtractionCommand.swift; sourceTree = "<group>"; };
		664DECD32259170F008D7EBC /* DivisionCommand.swift */ = {isa = PBXFileReference; lastKnownFileType = sourcecode.swift; path = DivisionCommand.swift; sourceTree = "<group>"; };
		664DECD52259173B008D7EBC /* MultiplicationCommand.swift */ = {isa = PBXFileReference; lastKnownFileType = sourcecode.swift; path = MultiplicationCommand.swift; sourceTree = "<group>"; };
		664DECD722591CC8008D7EBC /* ParenthesisSymbol.swift */ = {isa = PBXFileReference; lastKnownFileType = sourcecode.swift; path = ParenthesisSymbol.swift; sourceTree = "<group>"; };
		664DECD922591D9A008D7EBC /* OperatorSymbol.swift */ = {isa = PBXFileReference; lastKnownFileType = sourcecode.swift; path = OperatorSymbol.swift; sourceTree = "<group>"; };
		664DECDB225923B8008D7EBC /* NumberSymbol.swift */ = {isa = PBXFileReference; lastKnownFileType = sourcecode.swift; path = NumberSymbol.swift; sourceTree = "<group>"; };
		66DDC00222590C0800BDC7B6 /* ASCalculator.app */ = {isa = PBXFileReference; explicitFileType = wrapper.application; includeInIndex = 0; path = ASCalculator.app; sourceTree = BUILT_PRODUCTS_DIR; };
		66DDC01622590C0900BDC7B6 /* ASCalculatorTests.xctest */ = {isa = PBXFileReference; explicitFileType = wrapper.cfbundle; includeInIndex = 0; path = ASCalculatorTests.xctest; sourceTree = BUILT_PRODUCTS_DIR; };
		66DDC01A22590C0900BDC7B6 /* ASCalculatorTests.swift */ = {isa = PBXFileReference; lastKnownFileType = sourcecode.swift; path = ASCalculatorTests.swift; sourceTree = "<group>"; };
		66DDC01C22590C0900BDC7B6 /* Info.plist */ = {isa = PBXFileReference; lastKnownFileType = text.plist.xml; path = Info.plist; sourceTree = "<group>"; };
		66DDC02122590C0900BDC7B6 /* ASCalculatorUITests.xctest */ = {isa = PBXFileReference; explicitFileType = wrapper.cfbundle; includeInIndex = 0; path = ASCalculatorUITests.xctest; sourceTree = BUILT_PRODUCTS_DIR; };
		66DDC02522590C0900BDC7B6 /* ASCalculatorUITests.swift */ = {isa = PBXFileReference; lastKnownFileType = sourcecode.swift; path = ASCalculatorUITests.swift; sourceTree = "<group>"; };
		66DDC02722590C0A00BDC7B6 /* Info.plist */ = {isa = PBXFileReference; lastKnownFileType = text.plist.xml; path = Info.plist; sourceTree = "<group>"; };
		66DDC03422590C6D00BDC7B6 /* Assets.xcassets */ = {isa = PBXFileReference; lastKnownFileType = folder.assetcatalog; path = Assets.xcassets; sourceTree = "<group>"; };
		66DDC03622590C6D00BDC7B6 /* Base */ = {isa = PBXFileReference; lastKnownFileType = file.storyboard; name = Base; path = Base.lproj/LaunchScreen.storyboard; sourceTree = "<group>"; };
		66DDC03822590C6D00BDC7B6 /* Base */ = {isa = PBXFileReference; lastKnownFileType = file.storyboard; name = Base; path = Base.lproj/Main.storyboard; sourceTree = "<group>"; };
		66DDC03922590C6D00BDC7B6 /* Colors.xcassets */ = {isa = PBXFileReference; lastKnownFileType = folder.assetcatalog; path = Colors.xcassets; sourceTree = "<group>"; };
		66DDC03A22590C6D00BDC7B6 /* Localizable.strings */ = {isa = PBXFileReference; fileEncoding = 4; lastKnownFileType = text.plist.strings; path = Localizable.strings; sourceTree = "<group>"; };
		66DDC03C22590C6D00BDC7B6 /* AppDelegate.swift */ = {isa = PBXFileReference; fileEncoding = 4; lastKnownFileType = sourcecode.swift; path = AppDelegate.swift; sourceTree = "<group>"; };
		66DDC03F22590C6D00BDC7B6 /* AdditionCommand.swift */ = {isa = PBXFileReference; fileEncoding = 4; lastKnownFileType = sourcecode.swift; path = AdditionCommand.swift; sourceTree = "<group>"; };
		66DDC04122590C6D00BDC7B6 /* AppendCommand.swift */ = {isa = PBXFileReference; fileEncoding = 4; lastKnownFileType = sourcecode.swift; path = AppendCommand.swift; sourceTree = "<group>"; };
		66DDC04222590C6D00BDC7B6 /* CalculateCommand.swift */ = {isa = PBXFileReference; fileEncoding = 4; lastKnownFileType = sourcecode.swift; path = CalculateCommand.swift; sourceTree = "<group>"; };
		66DDC04322590C6D00BDC7B6 /* TruncateCommand.swift */ = {isa = PBXFileReference; fileEncoding = 4; lastKnownFileType = sourcecode.swift; path = TruncateCommand.swift; sourceTree = "<group>"; };
		66DDC04522590C6D00BDC7B6 /* Argument.swift */ = {isa = PBXFileReference; fileEncoding = 4; lastKnownFileType = sourcecode.swift; path = Argument.swift; sourceTree = "<group>"; };
		66DDC04622590C6D00BDC7B6 /* Expression.swift */ = {isa = PBXFileReference; fileEncoding = 4; lastKnownFileType = sourcecode.swift; path = Expression.swift; sourceTree = "<group>"; };
		66DDC04722590C6D00BDC7B6 /* KeyboardItem.swift */ = {isa = PBXFileReference; fileEncoding = 4; lastKnownFileType = sourcecode.swift; path = KeyboardItem.swift; sourceTree = "<group>"; };
		66DDC04822590C6D00BDC7B6 /* Operator.swift */ = {isa = PBXFileReference; fileEncoding = 4; lastKnownFileType = sourcecode.swift; path = Operator.swift; sourceTree = "<group>"; };
		66DDC04922590C6D00BDC7B6 /* Parenthesis.swift */ = {isa = PBXFileReference; fileEncoding = 4; lastKnownFileType = sourcecode.swift; path = Parenthesis.swift; sourceTree = "<group>"; };
		66DDC04A22590C6D00BDC7B6 /* ValidationResult.swift */ = {isa = PBXFileReference; fileEncoding = 4; lastKnownFileType = sourcecode.swift; path = ValidationResult.swift; sourceTree = "<group>"; };
		66DDC04C22590C6D00BDC7B6 /* String+Extensions.swift */ = {isa = PBXFileReference; fileEncoding = 4; lastKnownFileType = sourcecode.swift; path = "String+Extensions.swift"; sourceTree = "<group>"; };
		66DDC04D22590C6D00BDC7B6 /* UINavigationController+Extensions.swift */ = {isa = PBXFileReference; fileEncoding = 4; lastKnownFileType = sourcecode.swift; path = "UINavigationController+Extensions.swift"; sourceTree = "<group>"; };
		66DDC04E22590C6D00BDC7B6 /* UIStoryboard+Extensions.swift */ = {isa = PBXFileReference; fileEncoding = 4; lastKnownFileType = sourcecode.swift; path = "UIStoryboard+Extensions.swift"; sourceTree = "<group>"; };
		66DDC04F22590C6D00BDC7B6 /* UIViewController+Extensions.swift */ = {isa = PBXFileReference; fileEncoding = 4; lastKnownFileType = sourcecode.swift; path = "UIViewController+Extensions.swift"; sourceTree = "<group>"; };
		66DDC05122590C6D00BDC7B6 /* KeyboardItemFactory.swift */ = {isa = PBXFileReference; fileEncoding = 4; lastKnownFileType = sourcecode.swift; path = KeyboardItemFactory.swift; sourceTree = "<group>"; };
		66DDC05222590C6D00BDC7B6 /* KeyboardItemStyleFactory.swift */ = {isa = PBXFileReference; fileEncoding = 4; lastKnownFileType = sourcecode.swift; path = KeyboardItemStyleFactory.swift; sourceTree = "<group>"; };
		66DDC05522590C6D00BDC7B6 /* InteractorInterface.swift */ = {isa = PBXFileReference; fileEncoding = 4; lastKnownFileType = sourcecode.swift; path = InteractorInterface.swift; sourceTree = "<group>"; };
		66DDC05622590C6D00BDC7B6 /* PresenterInterface.swift */ = {isa = PBXFileReference; fileEncoding = 4; lastKnownFileType = sourcecode.swift; path = PresenterInterface.swift; sourceTree = "<group>"; };
		66DDC05722590C6D00BDC7B6 /* ViewInterface.swift */ = {isa = PBXFileReference; fileEncoding = 4; lastKnownFileType = sourcecode.swift; path = ViewInterface.swift; sourceTree = "<group>"; };
		66DDC05822590C6D00BDC7B6 /* WireframeInterface.swift */ = {isa = PBXFileReference; fileEncoding = 4; lastKnownFileType = sourcecode.swift; path = WireframeInterface.swift; sourceTree = "<group>"; };
		66DDC05A22590C6D00BDC7B6 /* ArithmeticCommandInterface.swift */ = {isa = PBXFileReference; fileEncoding = 4; lastKnownFileType = sourcecode.swift; path = ArithmeticCommandInterface.swift; sourceTree = "<group>"; };
		66DDC05B22590C6D00BDC7B6 /* TransformationCommandInterface.swift */ = {isa = PBXFileReference; fileEncoding = 4; lastKnownFileType = sourcecode.swift; path = TransformationCommandInterface.swift; sourceTree = "<group>"; };
		66DDC05D22590C6D00BDC7B6 /* DisplayAttributedStringFactory.swift */ = {isa = PBXFileReference; fileEncoding = 4; lastKnownFileType = sourcecode.swift; path = DisplayAttributedStringFactory.swift; sourceTree = "<group>"; };
		66DDC05E22590C6D00BDC7B6 /* KeyboardItemFactoryInterface.swift */ = {isa = PBXFileReference; fileEncoding = 4; lastKnownFileType = sourcecode.swift; path = KeyboardItemFactoryInterface.swift; sourceTree = "<group>"; };
		66DDC05F22590C6D00BDC7B6 /* KeyboardItemStyleFactoryInterface.swift */ = {isa = PBXFileReference; fileEncoding = 4; lastKnownFileType = sourcecode.swift; path = KeyboardItemStyleFactoryInterface.swift; sourceTree = "<group>"; };
		66DDC06122590C6D00BDC7B6 /* CalculateServiceInterface.swift */ = {isa = PBXFileReference; fileEncoding = 4; lastKnownFileType = sourcecode.swift; path = CalculateServiceInterface.swift; sourceTree = "<group>"; };
		66DDC06322590C6D00BDC7B6 /* ValidableInterface.swift */ = {isa = PBXFileReference; fileEncoding = 4; lastKnownFileType = sourcecode.swift; path = ValidableInterface.swift; sourceTree = "<group>"; };
		66DDC06422590C6D00BDC7B6 /* ValidatorInterface.swift */ = {isa = PBXFileReference; fileEncoding = 4; lastKnownFileType = sourcecode.swift; path = ValidatorInterface.swift; sourceTree = "<group>"; };
		66DDC06622590C6D00BDC7B6 /* ErrorDialogInterface.swift */ = {isa = PBXFileReference; fileEncoding = 4; lastKnownFileType = sourcecode.swift; path = ErrorDialogInterface.swift; sourceTree = "<group>"; };
		66DDC06922590C6D00BDC7B6 /* CalculatorInteractor.swift */ = {isa = PBXFileReference; fileEncoding = 4; lastKnownFileType = sourcecode.swift; path = CalculatorInteractor.swift; sourceTree = "<group>"; };
		66DDC06A22590C6D00BDC7B6 /* CalculatorInteractorInterface.swift */ = {isa = PBXFileReference; fileEncoding = 4; lastKnownFileType = sourcecode.swift; path = CalculatorInteractorInterface.swift; sourceTree = "<group>"; };
		66DDC06C22590C6D00BDC7B6 /* CalculatorPresenter.swift */ = {isa = PBXFileReference; fileEncoding = 4; lastKnownFileType = sourcecode.swift; path = CalculatorPresenter.swift; sourceTree = "<group>"; };
		66DDC06D22590C6D00BDC7B6 /* CalculatorPresenterInterface.swift */ = {isa = PBXFileReference; fileEncoding = 4; lastKnownFileType = sourcecode.swift; path = CalculatorPresenterInterface.swift; sourceTree = "<group>"; };
		66DDC06F22590C6D00BDC7B6 /* Calculator.storyboard */ = {isa = PBXFileReference; fileEncoding = 4; lastKnownFileType = file.storyboard; path = Calculator.storyboard; sourceTree = "<group>"; };
		66DDC07022590C6D00BDC7B6 /* CalculatorViewController.swift */ = {isa = PBXFileReference; fileEncoding = 4; lastKnownFileType = sourcecode.swift; path = CalculatorViewController.swift; sourceTree = "<group>"; };
		66DDC07122590C6D00BDC7B6 /* CalculatorViewInterface.swift */ = {isa = PBXFileReference; fileEncoding = 4; lastKnownFileType = sourcecode.swift; path = CalculatorViewInterface.swift; sourceTree = "<group>"; };
		66DDC07222590C6D00BDC7B6 /* DisplayHeaderView.swift */ = {isa = PBXFileReference; fileEncoding = 4; lastKnownFileType = sourcecode.swift; path = DisplayHeaderView.swift; sourceTree = "<group>"; };
		66DDC07322590C6D00BDC7B6 /* DisplayHeaderView.xib */ = {isa = PBXFileReference; fileEncoding = 4; lastKnownFileType = file.xib; path = DisplayHeaderView.xib; sourceTree = "<group>"; };
		66DDC07422590C6D00BDC7B6 /* KeyboardViewCell.swift */ = {isa = PBXFileReference; fileEncoding = 4; lastKnownFileType = sourcecode.swift; path = KeyboardViewCell.swift; sourceTree = "<group>"; };
		66DDC07522590C6D00BDC7B6 /* KeyboardViewCell.xib */ = {isa = PBXFileReference; fileEncoding = 4; lastKnownFileType = file.xib; path = KeyboardViewCell.xib; sourceTree = "<group>"; };
		66DDC07722590C6D00BDC7B6 /* CalculatorWireframe.swift */ = {isa = PBXFileReference; fileEncoding = 4; lastKnownFileType = sourcecode.swift; path = CalculatorWireframe.swift; sourceTree = "<group>"; };
		66DDC07822590C6D00BDC7B6 /* CalculatorWireframeInterface.swift */ = {isa = PBXFileReference; fileEncoding = 4; lastKnownFileType = sourcecode.swift; path = CalculatorWireframeInterface.swift; sourceTree = "<group>"; };
		66DDC07A22590C6D00BDC7B6 /* CalculateService.swift */ = {isa = PBXFileReference; fileEncoding = 4; lastKnownFileType = sourcecode.swift; path = CalculateService.swift; sourceTree = "<group>"; };
		66DDC07B22590C6D00BDC7B6 /* NumberConverter.swift */ = {isa = PBXFileReference; fileEncoding = 4; lastKnownFileType = sourcecode.swift; path = NumberConverter.swift; sourceTree = "<group>"; };
		66DDC07C22590C6D00BDC7B6 /* PostfixConverter.swift */ = {isa = PBXFileReference; fileEncoding = 4; lastKnownFileType = sourcecode.swift; path = PostfixConverter.swift; sourceTree = "<group>"; };
		66DDC07F22590C6D00BDC7B6 /* Info.plist */ = {isa = PBXFileReference; fileEncoding = 4; lastKnownFileType = text.plist.xml; path = Info.plist; sourceTree = "<group>"; };
/* End PBXFileReference section */

/* Begin PBXFrameworksBuildPhase section */
		66DDBFFF22590C0800BDC7B6 /* Frameworks */ = {
			isa = PBXFrameworksBuildPhase;
			buildActionMask = 2147483647;
			files = (
			);
			runOnlyForDeploymentPostprocessing = 0;
		};
		66DDC01322590C0900BDC7B6 /* Frameworks */ = {
			isa = PBXFrameworksBuildPhase;
			buildActionMask = 2147483647;
			files = (
			);
			runOnlyForDeploymentPostprocessing = 0;
		};
		66DDC01E22590C0900BDC7B6 /* Frameworks */ = {
			isa = PBXFrameworksBuildPhase;
			buildActionMask = 2147483647;
			files = (
			);
			runOnlyForDeploymentPostprocessing = 0;
		};
/* End PBXFrameworksBuildPhase section */

/* Begin PBXGroup section */
		66DDBFF922590C0800BDC7B6 = {
			isa = PBXGroup;
			children = (
				66DDC00422590C0800BDC7B6 /* ASCalculator */,
				66DDC01922590C0900BDC7B6 /* ASCalculatorTests */,
				66DDC02422590C0900BDC7B6 /* ASCalculatorUITests */,
				66DDC00322590C0800BDC7B6 /* Products */,
			);
			sourceTree = "<group>";
		};
		66DDC00322590C0800BDC7B6 /* Products */ = {
			isa = PBXGroup;
			children = (
				66DDC00222590C0800BDC7B6 /* ASCalculator.app */,
				66DDC01622590C0900BDC7B6 /* ASCalculatorTests.xctest */,
				66DDC02122590C0900BDC7B6 /* ASCalculatorUITests.xctest */,
			);
			name = Products;
			sourceTree = "<group>";
		};
		66DDC00422590C0800BDC7B6 /* ASCalculator */ = {
			isa = PBXGroup;
			children = (
				66DDC03B22590C6D00BDC7B6 /* Source */,
				66DDC03322590C6D00BDC7B6 /* Resource */,
				66DDC07E22590C6D00BDC7B6 /* Configuration */,
			);
			path = ASCalculator;
			sourceTree = "<group>";
		};
		66DDC01922590C0900BDC7B6 /* ASCalculatorTests */ = {
			isa = PBXGroup;
			children = (
				66DDC01A22590C0900BDC7B6 /* ASCalculatorTests.swift */,
				66DDC01C22590C0900BDC7B6 /* Info.plist */,
			);
			path = ASCalculatorTests;
			sourceTree = "<group>";
		};
		66DDC02422590C0900BDC7B6 /* ASCalculatorUITests */ = {
			isa = PBXGroup;
			children = (
				66DDC02522590C0900BDC7B6 /* ASCalculatorUITests.swift */,
				66DDC02722590C0A00BDC7B6 /* Info.plist */,
			);
			path = ASCalculatorUITests;
			sourceTree = "<group>";
		};
		66DDC03322590C6D00BDC7B6 /* Resource */ = {
			isa = PBXGroup;
			children = (
				66DDC03422590C6D00BDC7B6 /* Assets.xcassets */,
				66DDC03522590C6D00BDC7B6 /* LaunchScreen.storyboard */,
				66DDC03722590C6D00BDC7B6 /* Main.storyboard */,
				66DDC03922590C6D00BDC7B6 /* Colors.xcassets */,
				66DDC03A22590C6D00BDC7B6 /* Localizable.strings */,
			);
			path = Resource;
			sourceTree = "<group>";
		};
		66DDC03B22590C6D00BDC7B6 /* Source */ = {
			isa = PBXGroup;
			children = (
				66DDC03C22590C6D00BDC7B6 /* AppDelegate.swift */,
				66DDC04B22590C6D00BDC7B6 /* Extensions */,
				66DDC05322590C6D00BDC7B6 /* Interfaces */,
				66DDC03D22590C6D00BDC7B6 /* Commands */,
				66DDC07D22590C6D00BDC7B6 /* Validators */,
				66DDC05022590C6D00BDC7B6 /* Factories */,
				66DDC07922590C6D00BDC7B6 /* Services */,
				66DDC04422590C6D00BDC7B6 /* Entities */,
				66DDC06722590C6D00BDC7B6 /* Modules */,
			);
			path = Source;
			sourceTree = "<group>";
		};
		66DDC03D22590C6D00BDC7B6 /* Commands */ = {
			isa = PBXGroup;
			children = (
				66DDC03E22590C6D00BDC7B6 /* Arithmetic */,
				66DDC04022590C6D00BDC7B6 /* Transformation */,
			);
			path = Commands;
			sourceTree = "<group>";
		};
		66DDC03E22590C6D00BDC7B6 /* Arithmetic */ = {
			isa = PBXGroup;
			children = (
				66DDC03F22590C6D00BDC7B6 /* AdditionCommand.swift */,
				664DECD1225916E1008D7EBC /* SubtractionCommand.swift */,
				664DECD32259170F008D7EBC /* DivisionCommand.swift */,
				664DECD52259173B008D7EBC /* MultiplicationCommand.swift */,
			);
			path = Arithmetic;
			sourceTree = "<group>";
		};
		66DDC04022590C6D00BDC7B6 /* Transformation */ = {
			isa = PBXGroup;
			children = (
				66DDC04122590C6D00BDC7B6 /* AppendCommand.swift */,
				66DDC04222590C6D00BDC7B6 /* CalculateCommand.swift */,
				66DDC04322590C6D00BDC7B6 /* TruncateCommand.swift */,
			);
			path = Transformation;
			sourceTree = "<group>";
		};
		66DDC04422590C6D00BDC7B6 /* Entities */ = {
			isa = PBXGroup;
			children = (
				66DDC04522590C6D00BDC7B6 /* Argument.swift */,
				66DDC04622590C6D00BDC7B6 /* Expression.swift */,
				66DDC04722590C6D00BDC7B6 /* KeyboardItem.swift */,
				66DDC04822590C6D00BDC7B6 /* Operator.swift */,
				66DDC04922590C6D00BDC7B6 /* Parenthesis.swift */,
				66DDC04A22590C6D00BDC7B6 /* ValidationResult.swift */,
				664DECD722591CC8008D7EBC /* ParenthesisSymbol.swift */,
				664DECD922591D9A008D7EBC /* OperatorSymbol.swift */,
				664DECDB225923B8008D7EBC /* NumberSymbol.swift */,
			);
			path = Entities;
			sourceTree = "<group>";
		};
		66DDC04B22590C6D00BDC7B6 /* Extensions */ = {
			isa = PBXGroup;
			children = (
				66DDC04C22590C6D00BDC7B6 /* String+Extensions.swift */,
				66DDC04D22590C6D00BDC7B6 /* UINavigationController+Extensions.swift */,
				66DDC04E22590C6D00BDC7B6 /* UIStoryboard+Extensions.swift */,
				66DDC04F22590C6D00BDC7B6 /* UIViewController+Extensions.swift */,
			);
			path = Extensions;
			sourceTree = "<group>";
		};
		66DDC05022590C6D00BDC7B6 /* Factories */ = {
			isa = PBXGroup;
			children = (
				66DDC05122590C6D00BDC7B6 /* KeyboardItemFactory.swift */,
				66DDC05222590C6D00BDC7B6 /* KeyboardItemStyleFactory.swift */,
			);
			path = Factories;
			sourceTree = "<group>";
		};
		66DDC05322590C6D00BDC7B6 /* Interfaces */ = {
			isa = PBXGroup;
			children = (
				66DDC05422590C6D00BDC7B6 /* Architecture */,
				66DDC05922590C6D00BDC7B6 /* Commands */,
				66DDC05C22590C6D00BDC7B6 /* Factories */,
				66DDC06022590C6D00BDC7B6 /* Services */,
				66DDC06222590C6D00BDC7B6 /* Validators */,
				66DDC06522590C6D00BDC7B6 /* Views */,
			);
			path = Interfaces;
			sourceTree = "<group>";
		};
		66DDC05422590C6D00BDC7B6 /* Architecture */ = {
			isa = PBXGroup;
			children = (
				66DDC05522590C6D00BDC7B6 /* InteractorInterface.swift */,
				66DDC05622590C6D00BDC7B6 /* PresenterInterface.swift */,
				66DDC05722590C6D00BDC7B6 /* ViewInterface.swift */,
				66DDC05822590C6D00BDC7B6 /* WireframeInterface.swift */,
			);
			path = Architecture;
			sourceTree = "<group>";
		};
		66DDC05922590C6D00BDC7B6 /* Commands */ = {
			isa = PBXGroup;
			children = (
				66DDC05A22590C6D00BDC7B6 /* ArithmeticCommandInterface.swift */,
				66DDC05B22590C6D00BDC7B6 /* TransformationCommandInterface.swift */,
			);
			path = Commands;
			sourceTree = "<group>";
		};
		66DDC05C22590C6D00BDC7B6 /* Factories */ = {
			isa = PBXGroup;
			children = (
				66DDC05D22590C6D00BDC7B6 /* DisplayAttributedStringFactory.swift */,
				66DDC05E22590C6D00BDC7B6 /* KeyboardItemFactoryInterface.swift */,
				66DDC05F22590C6D00BDC7B6 /* KeyboardItemStyleFactoryInterface.swift */,
			);
			path = Factories;
			sourceTree = "<group>";
		};
		66DDC06022590C6D00BDC7B6 /* Services */ = {
			isa = PBXGroup;
			children = (
				66DDC06122590C6D00BDC7B6 /* CalculateServiceInterface.swift */,
			);
			path = Services;
			sourceTree = "<group>";
		};
		66DDC06222590C6D00BDC7B6 /* Validators */ = {
			isa = PBXGroup;
			children = (
				66DDC06322590C6D00BDC7B6 /* ValidableInterface.swift */,
				66DDC06422590C6D00BDC7B6 /* ValidatorInterface.swift */,
			);
			path = Validators;
			sourceTree = "<group>";
		};
		66DDC06522590C6D00BDC7B6 /* Views */ = {
			isa = PBXGroup;
			children = (
				66DDC06622590C6D00BDC7B6 /* ErrorDialogInterface.swift */,
			);
			path = Views;
			sourceTree = "<group>";
		};
		66DDC06722590C6D00BDC7B6 /* Modules */ = {
			isa = PBXGroup;
			children = (
				66DDC06822590C6D00BDC7B6 /* Interactor */,
				66DDC06B22590C6D00BDC7B6 /* Presenter */,
				66DDC07622590C6D00BDC7B6 /* Wireframe */,
				66DDC06E22590C6D00BDC7B6 /* View */,
			);
			path = Modules;
			sourceTree = "<group>";
		};
		66DDC06822590C6D00BDC7B6 /* Interactor */ = {
			isa = PBXGroup;
			children = (
				66DDC06922590C6D00BDC7B6 /* CalculatorInteractor.swift */,
				66DDC06A22590C6D00BDC7B6 /* CalculatorInteractorInterface.swift */,
			);
			path = Interactor;
			sourceTree = "<group>";
		};
		66DDC06B22590C6D00BDC7B6 /* Presenter */ = {
			isa = PBXGroup;
			children = (
				66DDC06C22590C6D00BDC7B6 /* CalculatorPresenter.swift */,
				66DDC06D22590C6D00BDC7B6 /* CalculatorPresenterInterface.swift */,
			);
			path = Presenter;
			sourceTree = "<group>";
		};
		66DDC06E22590C6D00BDC7B6 /* View */ = {
			isa = PBXGroup;
			children = (
				66DDC06F22590C6D00BDC7B6 /* Calculator.storyboard */,
				66DDC07022590C6D00BDC7B6 /* CalculatorViewController.swift */,
				66DDC07122590C6D00BDC7B6 /* CalculatorViewInterface.swift */,
				66DDC07222590C6D00BDC7B6 /* DisplayHeaderView.swift */,
				66DDC07322590C6D00BDC7B6 /* DisplayHeaderView.xib */,
				66DDC07422590C6D00BDC7B6 /* KeyboardViewCell.swift */,
				66DDC07522590C6D00BDC7B6 /* KeyboardViewCell.xib */,
			);
			path = View;
			sourceTree = "<group>";
		};
		66DDC07622590C6D00BDC7B6 /* Wireframe */ = {
			isa = PBXGroup;
			children = (
				66DDC07722590C6D00BDC7B6 /* CalculatorWireframe.swift */,
				66DDC07822590C6D00BDC7B6 /* CalculatorWireframeInterface.swift */,
			);
			path = Wireframe;
			sourceTree = "<group>";
		};
		66DDC07922590C6D00BDC7B6 /* Services */ = {
			isa = PBXGroup;
			children = (
				66DDC07A22590C6D00BDC7B6 /* CalculateService.swift */,
				66DDC07B22590C6D00BDC7B6 /* NumberConverter.swift */,
				66DDC07C22590C6D00BDC7B6 /* PostfixConverter.swift */,
			);
			path = Services;
			sourceTree = "<group>";
		};
		66DDC07D22590C6D00BDC7B6 /* Validators */ = {
			isa = PBXGroup;
			children = (
			);
			path = Validators;
			sourceTree = "<group>";
		};
		66DDC07E22590C6D00BDC7B6 /* Configuration */ = {
			isa = PBXGroup;
			children = (
				66DDC07F22590C6D00BDC7B6 /* Info.plist */,
			);
			path = Configuration;
			sourceTree = "<group>";
		};
/* End PBXGroup section */

/* Begin PBXNativeTarget section */
		66DDC00122590C0800BDC7B6 /* ASCalculator */ = {
			isa = PBXNativeTarget;
			buildConfigurationList = 66DDC02A22590C0A00BDC7B6 /* Build configuration list for PBXNativeTarget "ASCalculator" */;
			buildPhases = (
				66DDBFFE22590C0800BDC7B6 /* Sources */,
				66DDBFFF22590C0800BDC7B6 /* Frameworks */,
				66DDC00022590C0800BDC7B6 /* Resources */,
			);
			buildRules = (
			);
			dependencies = (
			);
			name = ASCalculator;
			productName = ASCalculator;
			productReference = 66DDC00222590C0800BDC7B6 /* ASCalculator.app */;
			productType = "com.apple.product-type.application";
		};
		66DDC01522590C0900BDC7B6 /* ASCalculatorTests */ = {
			isa = PBXNativeTarget;
			buildConfigurationList = 66DDC02D22590C0A00BDC7B6 /* Build configuration list for PBXNativeTarget "ASCalculatorTests" */;
			buildPhases = (
				66DDC01222590C0900BDC7B6 /* Sources */,
				66DDC01322590C0900BDC7B6 /* Frameworks */,
				66DDC01422590C0900BDC7B6 /* Resources */,
			);
			buildRules = (
			);
			dependencies = (
				66DDC01822590C0900BDC7B6 /* PBXTargetDependency */,
			);
			name = ASCalculatorTests;
			productName = ASCalculatorTests;
			productReference = 66DDC01622590C0900BDC7B6 /* ASCalculatorTests.xctest */;
			productType = "com.apple.product-type.bundle.unit-test";
		};
		66DDC02022590C0900BDC7B6 /* ASCalculatorUITests */ = {
			isa = PBXNativeTarget;
			buildConfigurationList = 66DDC03022590C0A00BDC7B6 /* Build configuration list for PBXNativeTarget "ASCalculatorUITests" */;
			buildPhases = (
				66DDC01D22590C0900BDC7B6 /* Sources */,
				66DDC01E22590C0900BDC7B6 /* Frameworks */,
				66DDC01F22590C0900BDC7B6 /* Resources */,
			);
			buildRules = (
			);
			dependencies = (
				66DDC02322590C0900BDC7B6 /* PBXTargetDependency */,
			);
			name = ASCalculatorUITests;
			productName = ASCalculatorUITests;
			productReference = 66DDC02122590C0900BDC7B6 /* ASCalculatorUITests.xctest */;
			productType = "com.apple.product-type.bundle.ui-testing";
		};
/* End PBXNativeTarget section */

/* Begin PBXProject section */
		66DDBFFA22590C0800BDC7B6 /* Project object */ = {
			isa = PBXProject;
			attributes = {
				LastSwiftUpdateCheck = 1010;
				LastUpgradeCheck = 1010;
				ORGANIZATIONNAME = "Robert Mietelski";
				TargetAttributes = {
					66DDC00122590C0800BDC7B6 = {
						CreatedOnToolsVersion = 10.1;
					};
					66DDC01522590C0900BDC7B6 = {
						CreatedOnToolsVersion = 10.1;
						TestTargetID = 66DDC00122590C0800BDC7B6;
					};
					66DDC02022590C0900BDC7B6 = {
						CreatedOnToolsVersion = 10.1;
						TestTargetID = 66DDC00122590C0800BDC7B6;
					};
				};
			};
			buildConfigurationList = 66DDBFFD22590C0800BDC7B6 /* Build configuration list for PBXProject "ASCalculator" */;
			compatibilityVersion = "Xcode 9.3";
			developmentRegion = en;
			hasScannedForEncodings = 0;
			knownRegions = (
				en,
				Base,
			);
			mainGroup = 66DDBFF922590C0800BDC7B6;
			productRefGroup = 66DDC00322590C0800BDC7B6 /* Products */;
			projectDirPath = "";
			projectRoot = "";
			targets = (
				66DDC00122590C0800BDC7B6 /* ASCalculator */,
				66DDC01522590C0900BDC7B6 /* ASCalculatorTests */,
				66DDC02022590C0900BDC7B6 /* ASCalculatorUITests */,
			);
		};
/* End PBXProject section */

/* Begin PBXResourcesBuildPhase section */
		66DDC00022590C0800BDC7B6 /* Resources */ = {
			isa = PBXResourcesBuildPhase;
			buildActionMask = 2147483647;
			files = (
				66DDC08422590C6D00BDC7B6 /* Localizable.strings in Resources */,
				66DDC0AD22590C6D00BDC7B6 /* KeyboardViewCell.xib in Resources */,
				66DDC08222590C6D00BDC7B6 /* Main.storyboard in Resources */,
				66DDC08322590C6D00BDC7B6 /* Colors.xcassets in Resources */,
				66DDC0AB22590C6D00BDC7B6 /* DisplayHeaderView.xib in Resources */,
				66DDC08022590C6D00BDC7B6 /* Assets.xcassets in Resources */,
				66DDC0A722590C6D00BDC7B6 /* Calculator.storyboard in Resources */,
				66DDC08122590C6D00BDC7B6 /* LaunchScreen.storyboard in Resources */,
			);
			runOnlyForDeploymentPostprocessing = 0;
		};
		66DDC01422590C0900BDC7B6 /* Resources */ = {
			isa = PBXResourcesBuildPhase;
			buildActionMask = 2147483647;
			files = (
			);
			runOnlyForDeploymentPostprocessing = 0;
		};
		66DDC01F22590C0900BDC7B6 /* Resources */ = {
			isa = PBXResourcesBuildPhase;
			buildActionMask = 2147483647;
			files = (
			);
			runOnlyForDeploymentPostprocessing = 0;
		};
/* End PBXResourcesBuildPhase section */

/* Begin PBXSourcesBuildPhase section */
		66DDBFFE22590C0800BDC7B6 /* Sources */ = {
			isa = PBXSourcesBuildPhase;
			buildActionMask = 2147483647;
			files = (
				66DDC0A622590C6D00BDC7B6 /* CalculatorPresenterInterface.swift in Sources */,
				66DDC0A022590C6D00BDC7B6 /* ValidableInterface.swift in Sources */,
				66DDC09122590C6D00BDC7B6 /* UINavigationController+Extensions.swift in Sources */,
				664DECD42259170F008D7EBC /* DivisionCommand.swift in Sources */,
				66DDC08F22590C6D00BDC7B6 /* ValidationResult.swift in Sources */,
				66DDC0AA22590C6D00BDC7B6 /* DisplayHeaderView.swift in Sources */,
				66DDC0AC22590C6D00BDC7B6 /* KeyboardViewCell.swift in Sources */,
				66DDC0B222590C6D00BDC7B6 /* PostfixConverter.swift in Sources */,
				66DDC09E22590C6D00BDC7B6 /* KeyboardItemStyleFactoryInterface.swift in Sources */,
				66DDC0A822590C6D00BDC7B6 /* CalculatorViewController.swift in Sources */,
				66DDC08522590C6D00BDC7B6 /* AppDelegate.swift in Sources */,
				66DDC0A322590C6D00BDC7B6 /* CalculatorInteractor.swift in Sources */,
				66DDC0AF22590C6D00BDC7B6 /* CalculatorWireframeInterface.swift in Sources */,
				664DECD2225916E1008D7EBC /* SubtractionCommand.swift in Sources */,
				66DDC09722590C6D00BDC7B6 /* PresenterInterface.swift in Sources */,
				66DDC08622590C6D00BDC7B6 /* AdditionCommand.swift in Sources */,
				66DDC09B22590C6D00BDC7B6 /* TransformationCommandInterface.swift in Sources */,
				66DDC08E22590C6D00BDC7B6 /* Parenthesis.swift in Sources */,
				66DDC09A22590C6D00BDC7B6 /* ArithmeticCommandInterface.swift in Sources */,
				66DDC09022590C6D00BDC7B6 /* String+Extensions.swift in Sources */,
				66DDC09622590C6D00BDC7B6 /* InteractorInterface.swift in Sources */,
				66DDC09222590C6D00BDC7B6 /* UIStoryboard+Extensions.swift in Sources */,
				66DDC09322590C6D00BDC7B6 /* UIViewController+Extensions.swift in Sources */,
				66DDC09822590C6D00BDC7B6 /* ViewInterface.swift in Sources */,
				66DDC08822590C6D00BDC7B6 /* CalculateCommand.swift in Sources */,
				66DDC09D22590C6D00BDC7B6 /* KeyboardItemFactoryInterface.swift in Sources */,
				66DDC08722590C6D00BDC7B6 /* AppendCommand.swift in Sources */,
				66DDC0A122590C6D00BDC7B6 /* ValidatorInterface.swift in Sources */,
				66DDC0A422590C6D00BDC7B6 /* CalculatorInteractorInterface.swift in Sources */,
				664DECD62259173B008D7EBC /* MultiplicationCommand.swift in Sources */,
				66DDC0B022590C6D00BDC7B6 /* CalculateService.swift in Sources */,
				66DDC0A522590C6D00BDC7B6 /* CalculatorPresenter.swift in Sources */,
				66DDC0AE22590C6D00BDC7B6 /* CalculatorWireframe.swift in Sources */,
				664DECDA22591D9A008D7EBC /* OperatorSymbol.swift in Sources */,
				66DDC08A22590C6D00BDC7B6 /* Argument.swift in Sources */,
				66DDC0A222590C6D00BDC7B6 /* ErrorDialogInterface.swift in Sources */,
				66DDC08C22590C6D00BDC7B6 /* KeyboardItem.swift in Sources */,
				66DDC09922590C6D00BDC7B6 /* WireframeInterface.swift in Sources */,
				66DDC09522590C6D00BDC7B6 /* KeyboardItemStyleFactory.swift in Sources */,
				66DDC09F22590C6D00BDC7B6 /* CalculateServiceInterface.swift in Sources */,
				66DDC09422590C6D00BDC7B6 /* KeyboardItemFactory.swift in Sources */,
				66DDC09C22590C6D00BDC7B6 /* DisplayAttributedStringFactory.swift in Sources */,
				66DDC08B22590C6D00BDC7B6 /* Expression.swift in Sources */,
				664DECDC225923B8008D7EBC /* NumberSymbol.swift in Sources */,
				66DDC08D22590C6D00BDC7B6 /* Operator.swift in Sources */,
				66DDC0A922590C6D00BDC7B6 /* CalculatorViewInterface.swift in Sources */,
				66DDC08922590C6D00BDC7B6 /* TruncateCommand.swift in Sources */,
				66DDC0B122590C6D00BDC7B6 /* NumberConverter.swift in Sources */,
				664DECD822591CC8008D7EBC /* ParenthesisSymbol.swift in Sources */,
			);
			runOnlyForDeploymentPostprocessing = 0;
		};
		66DDC01222590C0900BDC7B6 /* Sources */ = {
			isa = PBXSourcesBuildPhase;
			buildActionMask = 2147483647;
			files = (
				66DDC01B22590C0900BDC7B6 /* ASCalculatorTests.swift in Sources */,
			);
			runOnlyForDeploymentPostprocessing = 0;
		};
		66DDC01D22590C0900BDC7B6 /* Sources */ = {
			isa = PBXSourcesBuildPhase;
			buildActionMask = 2147483647;
			files = (
				66DDC02622590C0900BDC7B6 /* ASCalculatorUITests.swift in Sources */,
			);
			runOnlyForDeploymentPostprocessing = 0;
		};
/* End PBXSourcesBuildPhase section */

/* Begin PBXTargetDependency section */
		66DDC01822590C0900BDC7B6 /* PBXTargetDependency */ = {
			isa = PBXTargetDependency;
			target = 66DDC00122590C0800BDC7B6 /* ASCalculator */;
			targetProxy = 66DDC01722590C0900BDC7B6 /* PBXContainerItemProxy */;
		};
		66DDC02322590C0900BDC7B6 /* PBXTargetDependency */ = {
			isa = PBXTargetDependency;
			target = 66DDC00122590C0800BDC7B6 /* ASCalculator */;
			targetProxy = 66DDC02222590C0900BDC7B6 /* PBXContainerItemProxy */;
		};
/* End PBXTargetDependency section */

/* Begin PBXVariantGroup section */
		66DDC03522590C6D00BDC7B6 /* LaunchScreen.storyboard */ = {
			isa = PBXVariantGroup;
			children = (
				66DDC03622590C6D00BDC7B6 /* Base */,
			);
			name = LaunchScreen.storyboard;
			sourceTree = "<group>";
		};
		66DDC03722590C6D00BDC7B6 /* Main.storyboard */ = {
			isa = PBXVariantGroup;
			children = (
				66DDC03822590C6D00BDC7B6 /* Base */,
			);
			name = Main.storyboard;
			sourceTree = "<group>";
		};
/* End PBXVariantGroup section */

/* Begin XCBuildConfiguration section */
		66DDC02822590C0A00BDC7B6 /* Debug */ = {
			isa = XCBuildConfiguration;
			buildSettings = {
				ALWAYS_SEARCH_USER_PATHS = NO;
				CLANG_ANALYZER_NONNULL = YES;
				CLANG_ANALYZER_NUMBER_OBJECT_CONVERSION = YES_AGGRESSIVE;
				CLANG_CXX_LANGUAGE_STANDARD = "gnu++14";
				CLANG_CXX_LIBRARY = "libc++";
				CLANG_ENABLE_MODULES = YES;
				CLANG_ENABLE_OBJC_ARC = YES;
				CLANG_ENABLE_OBJC_WEAK = YES;
				CLANG_WARN_BLOCK_CAPTURE_AUTORELEASING = YES;
				CLANG_WARN_BOOL_CONVERSION = YES;
				CLANG_WARN_COMMA = YES;
				CLANG_WARN_CONSTANT_CONVERSION = YES;
				CLANG_WARN_DEPRECATED_OBJC_IMPLEMENTATIONS = YES;
				CLANG_WARN_DIRECT_OBJC_ISA_USAGE = YES_ERROR;
				CLANG_WARN_DOCUMENTATION_COMMENTS = YES;
				CLANG_WARN_EMPTY_BODY = YES;
				CLANG_WARN_ENUM_CONVERSION = YES;
				CLANG_WARN_INFINITE_RECURSION = YES;
				CLANG_WARN_INT_CONVERSION = YES;
				CLANG_WARN_NON_LITERAL_NULL_CONVERSION = YES;
				CLANG_WARN_OBJC_IMPLICIT_RETAIN_SELF = YES;
				CLANG_WARN_OBJC_LITERAL_CONVERSION = YES;
				CLANG_WARN_OBJC_ROOT_CLASS = YES_ERROR;
				CLANG_WARN_RANGE_LOOP_ANALYSIS = YES;
				CLANG_WARN_STRICT_PROTOTYPES = YES;
				CLANG_WARN_SUSPICIOUS_MOVE = YES;
				CLANG_WARN_UNGUARDED_AVAILABILITY = YES_AGGRESSIVE;
				CLANG_WARN_UNREACHABLE_CODE = YES;
				CLANG_WARN__DUPLICATE_METHOD_MATCH = YES;
				CODE_SIGN_IDENTITY = "iPhone Developer";
				COPY_PHASE_STRIP = NO;
				DEBUG_INFORMATION_FORMAT = dwarf;
				ENABLE_STRICT_OBJC_MSGSEND = YES;
				ENABLE_TESTABILITY = YES;
				GCC_C_LANGUAGE_STANDARD = gnu11;
				GCC_DYNAMIC_NO_PIC = NO;
				GCC_NO_COMMON_BLOCKS = YES;
				GCC_OPTIMIZATION_LEVEL = 0;
				GCC_PREPROCESSOR_DEFINITIONS = (
					"DEBUG=1",
					"$(inherited)",
				);
				GCC_WARN_64_TO_32_BIT_CONVERSION = YES;
				GCC_WARN_ABOUT_RETURN_TYPE = YES_ERROR;
				GCC_WARN_UNDECLARED_SELECTOR = YES;
				GCC_WARN_UNINITIALIZED_AUTOS = YES_AGGRESSIVE;
				GCC_WARN_UNUSED_FUNCTION = YES;
				GCC_WARN_UNUSED_VARIABLE = YES;
				IPHONEOS_DEPLOYMENT_TARGET = 12.1;
				MTL_ENABLE_DEBUG_INFO = INCLUDE_SOURCE;
				MTL_FAST_MATH = YES;
				ONLY_ACTIVE_ARCH = YES;
				SDKROOT = iphoneos;
				SWIFT_ACTIVE_COMPILATION_CONDITIONS = DEBUG;
				SWIFT_OPTIMIZATION_LEVEL = "-Onone";
			};
			name = Debug;
		};
		66DDC02922590C0A00BDC7B6 /* Release */ = {
			isa = XCBuildConfiguration;
			buildSettings = {
				ALWAYS_SEARCH_USER_PATHS = NO;
				CLANG_ANALYZER_NONNULL = YES;
				CLANG_ANALYZER_NUMBER_OBJECT_CONVERSION = YES_AGGRESSIVE;
				CLANG_CXX_LANGUAGE_STANDARD = "gnu++14";
				CLANG_CXX_LIBRARY = "libc++";
				CLANG_ENABLE_MODULES = YES;
				CLANG_ENABLE_OBJC_ARC = YES;
				CLANG_ENABLE_OBJC_WEAK = YES;
				CLANG_WARN_BLOCK_CAPTURE_AUTORELEASING = YES;
				CLANG_WARN_BOOL_CONVERSION = YES;
				CLANG_WARN_COMMA = YES;
				CLANG_WARN_CONSTANT_CONVERSION = YES;
				CLANG_WARN_DEPRECATED_OBJC_IMPLEMENTATIONS = YES;
				CLANG_WARN_DIRECT_OBJC_ISA_USAGE = YES_ERROR;
				CLANG_WARN_DOCUMENTATION_COMMENTS = YES;
				CLANG_WARN_EMPTY_BODY = YES;
				CLANG_WARN_ENUM_CONVERSION = YES;
				CLANG_WARN_INFINITE_RECURSION = YES;
				CLANG_WARN_INT_CONVERSION = YES;
				CLANG_WARN_NON_LITERAL_NULL_CONVERSION = YES;
				CLANG_WARN_OBJC_IMPLICIT_RETAIN_SELF = YES;
				CLANG_WARN_OBJC_LITERAL_CONVERSION = YES;
				CLANG_WARN_OBJC_ROOT_CLASS = YES_ERROR;
				CLANG_WARN_RANGE_LOOP_ANALYSIS = YES;
				CLANG_WARN_STRICT_PROTOTYPES = YES;
				CLANG_WARN_SUSPICIOUS_MOVE = YES;
				CLANG_WARN_UNGUARDED_AVAILABILITY = YES_AGGRESSIVE;
				CLANG_WARN_UNREACHABLE_CODE = YES;
				CLANG_WARN__DUPLICATE_METHOD_MATCH = YES;
				CODE_SIGN_IDENTITY = "iPhone Developer";
				COPY_PHASE_STRIP = NO;
				DEBUG_INFORMATION_FORMAT = "dwarf-with-dsym";
				ENABLE_NS_ASSERTIONS = NO;
				ENABLE_STRICT_OBJC_MSGSEND = YES;
				GCC_C_LANGUAGE_STANDARD = gnu11;
				GCC_NO_COMMON_BLOCKS = YES;
				GCC_WARN_64_TO_32_BIT_CONVERSION = YES;
				GCC_WARN_ABOUT_RETURN_TYPE = YES_ERROR;
				GCC_WARN_UNDECLARED_SELECTOR = YES;
				GCC_WARN_UNINITIALIZED_AUTOS = YES_AGGRESSIVE;
				GCC_WARN_UNUSED_FUNCTION = YES;
				GCC_WARN_UNUSED_VARIABLE = YES;
				IPHONEOS_DEPLOYMENT_TARGET = 12.1;
				MTL_ENABLE_DEBUG_INFO = NO;
				MTL_FAST_MATH = YES;
				SDKROOT = iphoneos;
				SWIFT_COMPILATION_MODE = wholemodule;
				SWIFT_OPTIMIZATION_LEVEL = "-O";
				VALIDATE_PRODUCT = YES;
			};
			name = Release;
		};
		66DDC02B22590C0A00BDC7B6 /* Debug */ = {
			isa = XCBuildConfiguration;
			buildSettings = {
				ASSETCATALOG_COMPILER_APPICON_NAME = AppIcon;
				CODE_SIGN_STYLE = Automatic;
				INFOPLIST_FILE = "$(SRCROOT)/ASCalculator/Configuration/Info.plist";
				LD_RUNPATH_SEARCH_PATHS = (
					"$(inherited)",
					"@executable_path/Frameworks",
				);
				PRODUCT_BUNDLE_IDENTIFIER = pl.mietelski.robert.ASCalculator;
				PRODUCT_NAME = "$(TARGET_NAME)";
				SWIFT_VERSION = 4.2;
				TARGETED_DEVICE_FAMILY = "1,2";
			};
			name = Debug;
		};
		66DDC02C22590C0A00BDC7B6 /* Release */ = {
			isa = XCBuildConfiguration;
			buildSettings = {
				ASSETCATALOG_COMPILER_APPICON_NAME = AppIcon;
				CODE_SIGN_STYLE = Automatic;
				INFOPLIST_FILE = "$(SRCROOT)/ASCalculator/Configuration/Info.plist";
				LD_RUNPATH_SEARCH_PATHS = (
					"$(inherited)",
					"@executable_path/Frameworks",
				);
				PRODUCT_BUNDLE_IDENTIFIER = pl.mietelski.robert.ASCalculator;
				PRODUCT_NAME = "$(TARGET_NAME)";
				SWIFT_VERSION = 4.2;
				TARGETED_DEVICE_FAMILY = "1,2";
			};
			name = Release;
		};
		66DDC02E22590C0A00BDC7B6 /* Debug */ = {
			isa = XCBuildConfiguration;
			buildSettings = {
				ALWAYS_EMBED_SWIFT_STANDARD_LIBRARIES = YES;
				BUNDLE_LOADER = "$(TEST_HOST)";
				CODE_SIGN_STYLE = Automatic;
				INFOPLIST_FILE = ASCalculatorTests/Info.plist;
				LD_RUNPATH_SEARCH_PATHS = (
					"$(inherited)",
					"@executable_path/Frameworks",
					"@loader_path/Frameworks",
				);
				PRODUCT_BUNDLE_IDENTIFIER = pl.mietelski.robert.ASCalculatorTests;
				PRODUCT_NAME = "$(TARGET_NAME)";
				SWIFT_VERSION = 4.2;
				TARGETED_DEVICE_FAMILY = "1,2";
				TEST_HOST = "$(BUILT_PRODUCTS_DIR)/ASCalculator.app/ASCalculator";
			};
			name = Debug;
		};
		66DDC02F22590C0A00BDC7B6 /* Release */ = {
			isa = XCBuildConfiguration;
			buildSettings = {
				ALWAYS_EMBED_SWIFT_STANDARD_LIBRARIES = YES;
				BUNDLE_LOADER = "$(TEST_HOST)";
				CODE_SIGN_STYLE = Automatic;
				INFOPLIST_FILE = ASCalculatorTests/Info.plist;
				LD_RUNPATH_SEARCH_PATHS = (
					"$(inherited)",
					"@executable_path/Frameworks",
					"@loader_path/Frameworks",
				);
				PRODUCT_BUNDLE_IDENTIFIER = pl.mietelski.robert.ASCalculatorTests;
				PRODUCT_NAME = "$(TARGET_NAME)";
				SWIFT_VERSION = 4.2;
				TARGETED_DEVICE_FAMILY = "1,2";
				TEST_HOST = "$(BUILT_PRODUCTS_DIR)/ASCalculator.app/ASCalculator";
			};
			name = Release;
		};
		66DDC03122590C0A00BDC7B6 /* Debug */ = {
			isa = XCBuildConfiguration;
			buildSettings = {
				ALWAYS_EMBED_SWIFT_STANDARD_LIBRARIES = YES;
				CODE_SIGN_STYLE = Automatic;
				INFOPLIST_FILE = ASCalculatorUITests/Info.plist;
				LD_RUNPATH_SEARCH_PATHS = (
					"$(inherited)",
					"@executable_path/Frameworks",
					"@loader_path/Frameworks",
				);
				PRODUCT_BUNDLE_IDENTIFIER = pl.mietelski.robert.ASCalculatorUITests;
				PRODUCT_NAME = "$(TARGET_NAME)";
				SWIFT_VERSION = 4.2;
				TARGETED_DEVICE_FAMILY = "1,2";
				TEST_TARGET_NAME = ASCalculator;
			};
			name = Debug;
		};
		66DDC03222590C0A00BDC7B6 /* Release */ = {
			isa = XCBuildConfiguration;
			buildSettings = {
				ALWAYS_EMBED_SWIFT_STANDARD_LIBRARIES = YES;
				CODE_SIGN_STYLE = Automatic;
				INFOPLIST_FILE = ASCalculatorUITests/Info.plist;
				LD_RUNPATH_SEARCH_PATHS = (
					"$(inherited)",
					"@executable_path/Frameworks",
					"@loader_path/Frameworks",
				);
				PRODUCT_BUNDLE_IDENTIFIER = pl.mietelski.robert.ASCalculatorUITests;
				PRODUCT_NAME = "$(TARGET_NAME)";
				SWIFT_VERSION = 4.2;
				TARGETED_DEVICE_FAMILY = "1,2";
				TEST_TARGET_NAME = ASCalculator;
			};
			name = Release;
		};
/* End XCBuildConfiguration section */

/* Begin XCConfigurationList section */
		66DDBFFD22590C0800BDC7B6 /* Build configuration list for PBXProject "ASCalculator" */ = {
			isa = XCConfigurationList;
			buildConfigurations = (
				66DDC02822590C0A00BDC7B6 /* Debug */,
				66DDC02922590C0A00BDC7B6 /* Release */,
			);
			defaultConfigurationIsVisible = 0;
			defaultConfigurationName = Release;
		};
		66DDC02A22590C0A00BDC7B6 /* Build configuration list for PBXNativeTarget "ASCalculator" */ = {
			isa = XCConfigurationList;
			buildConfigurations = (
				66DDC02B22590C0A00BDC7B6 /* Debug */,
				66DDC02C22590C0A00BDC7B6 /* Release */,
			);
			defaultConfigurationIsVisible = 0;
			defaultConfigurationName = Release;
		};
		66DDC02D22590C0A00BDC7B6 /* Build configuration list for PBXNativeTarget "ASCalculatorTests" */ = {
			isa = XCConfigurationList;
			buildConfigurations = (
				66DDC02E22590C0A00BDC7B6 /* Debug */,
				66DDC02F22590C0A00BDC7B6 /* Release */,
			);
			defaultConfigurationIsVisible = 0;
			defaultConfigurationName = Release;
		};
		66DDC03022590C0A00BDC7B6 /* Build configuration list for PBXNativeTarget "ASCalculatorUITests" */ = {
			isa = XCConfigurationList;
			buildConfigurations = (
				66DDC03122590C0A00BDC7B6 /* Debug */,
				66DDC03222590C0A00BDC7B6 /* Release */,
			);
			defaultConfigurationIsVisible = 0;
			defaultConfigurationName = Release;
		};
/* End XCConfigurationList section */
	};
	rootObject = 66DDBFFA22590C0800BDC7B6 /* Project object */;
}
